
Microsoft Visual Studio Solution File, Format Version 12.00
# Visual Studio 15
VisualStudioVersion = 15.0.28307.539
MinimumVisualStudioVersion = 10.0.40219.1
Project("{FAE04EC0-301F-11D3-BF4B-00C04F79EFBC}") = "Lesson1607HW", "Lesson1607HW\Lesson1607HW.csproj", "{C49DF2E2-CAD7-4CC7-9E51-105909C4D08D}"
EndProject
Global
	GlobalSection(SolutionConfigurationPlatforms) = preSolution
		Debug|Any CPU = Debug|Any CPU
		Release|Any CPU = Release|Any CPU
	EndGlobalSection
	GlobalSection(ProjectConfigurationPlatforms) = postSolution
		{C49DF2E2-CAD7-4CC7-9E51-105909C4D08D}.Debug|Any CPU.ActiveCfg = Debug|Any CPU
		{C49DF2E2-CAD7-4CC7-9E51-105909C4D08D}.Debug|Any CPU.Build.0 = Debug|Any CPU
		{C49DF2E2-CAD7-4CC7-9E51-105909C4D08D}.Release|Any CPU.ActiveCfg = Release|Any CPU
		{C49DF2E2-CAD7-4CC7-9E51-105909C4D08D}.Release|Any CPU.Build.0 = Release|Any CPU
	EndGlobalSection
	GlobalSection(SolutionProperties) = preSolution
		HideSolutionNode = FALSE
	EndGlobalSection
	GlobalSection(ExtensibilityGlobals) = postSolution
		SolutionGuid = {6CB75AE3-BCB6-4CFE-8F27-3E1D1B20BA9A}
	EndGlobalSection
EndGlobal
